// !$*UTF8*$!
{
	archiveVersion = 1;
	classes = {
	};
	objectVersion = 56;
	objects = {

/* Begin PBXBuildFile section */
		26101C6E2B8E6A770064A2DB /* HomeViewModel.swift in Sources */ = {isa = PBXBuildFile; fileRef = 26101C6D2B8E6A770064A2DB /* HomeViewModel.swift */; };
		26101C702B8E89040064A2DB /* ExtractTextView.swift in Sources */ = {isa = PBXBuildFile; fileRef = 26101C6F2B8E89040064A2DB /* ExtractTextView.swift */; };
		2660D7C82B8E651400FF4716 /* NotextractApp.swift in Sources */ = {isa = PBXBuildFile; fileRef = 2660D7C72B8E651400FF4716 /* NotextractApp.swift */; };
		2660D7CA2B8E651400FF4716 /* ContentView.swift in Sources */ = {isa = PBXBuildFile; fileRef = 2660D7C92B8E651400FF4716 /* ContentView.swift */; };
		2660D7CC2B8E651700FF4716 /* Assets.xcassets in Resources */ = {isa = PBXBuildFile; fileRef = 2660D7CB2B8E651700FF4716 /* Assets.xcassets */; };
		2660D7CF2B8E651700FF4716 /* Preview Assets.xcassets in Resources */ = {isa = PBXBuildFile; fileRef = 2660D7CE2B8E651700FF4716 /* Preview Assets.xcassets */; };
		2660D7D82B8E655700FF4716 /* HomeView.swift in Sources */ = {isa = PBXBuildFile; fileRef = 2660D7D72B8E655700FF4716 /* HomeView.swift */; };
		2660D7DA2B8E656200FF4716 /* CameraView.swift in Sources */ = {isa = PBXBuildFile; fileRef = 2660D7D92B8E656200FF4716 /* CameraView.swift */; };
		2660D7DC2B8E657200FF4716 /* CameraCoordinator.swift in Sources */ = {isa = PBXBuildFile; fileRef = 2660D7DB2B8E657200FF4716 /* CameraCoordinator.swift */; };
		26AF81902B9B4B54004BAAC0 /* PublishersExtension.swift in Sources */ = {isa = PBXBuildFile; fileRef = 26AF818F2B9B4B54004BAAC0 /* PublishersExtension.swift */; };
		26AF81922B9B4B75004BAAC0 /* Note.swift in Sources */ = {isa = PBXBuildFile; fileRef = 26AF81912B9B4B75004BAAC0 /* Note.swift */; };
		26B1D8CD2B9BD9B100A885E9 /* CustomTextView.swift in Sources */ = {isa = PBXBuildFile; fileRef = 26B1D8CC2B9BD9B100A885E9 /* CustomTextView.swift */; };
		26B1D8CF2B9FB4B900A885E9 /* DotPattern.swift in Sources */ = {isa = PBXBuildFile; fileRef = 26B1D8CE2B9FB4B900A885E9 /* DotPattern.swift */; };
		26B1D8D12BA0B38000A885E9 /* ExtractTextViewModel.swift in Sources */ = {isa = PBXBuildFile; fileRef = 26B1D8D02BA0B38000A885E9 /* ExtractTextViewModel.swift */; };
		26B1D8D32BA1CC2300A885E9 /* AuthManager.swift in Sources */ = {isa = PBXBuildFile; fileRef = 26B1D8D22BA1CC2300A885E9 /* AuthManager.swift */; };
		26B1D8DC2BA2BE6300A885E9 /* FLAnimatedImage in Frameworks */ = {isa = PBXBuildFile; productRef = 26B1D8DB2BA2BE6300A885E9 /* FLAnimatedImage */; };
		26B1D8DE2BA2BE9C00A885E9 /* GIFView.swift in Sources */ = {isa = PBXBuildFile; fileRef = 26B1D8DD2BA2BE9C00A885E9 /* GIFView.swift */; };
		26B1D8E22BA328F500A885E9 /* notextract_ascend.gif in Resources */ = {isa = PBXBuildFile; fileRef = 26B1D8E12BA328F500A885E9 /* notextract_ascend.gif */; };
		26B1D8E42BA33EC900A885E9 /* NoteView.swift in Sources */ = {isa = PBXBuildFile; fileRef = 26B1D8E32BA33EC900A885E9 /* NoteView.swift */; };
		26B1D8E62BAA588400A885E9 /* Avatar.swift in Sources */ = {isa = PBXBuildFile; fileRef = 26B1D8E52BAA588400A885E9 /* Avatar.swift */; };
		26B1D8E92BAAA5BE00A885E9 /* amsterdam-two.ttf in Resources */ = {isa = PBXBuildFile; fileRef = 26B1D8E82BAAA5BE00A885E9 /* amsterdam-two.ttf */; };
		26B1D8EB2BAB424800A885E9 /* SettingsView.swift in Sources */ = {isa = PBXBuildFile; fileRef = 26B1D8EA2BAB424800A885E9 /* SettingsView.swift */; };
		26B1D8ED2BAB902E00A885E9 /* ColorSchemeMode.swift in Sources */ = {isa = PBXBuildFile; fileRef = 26B1D8EC2BAB902E00A885E9 /* ColorSchemeMode.swift */; };
		26B1D8EF2BAB910200A885E9 /* SettingsViewModel.swift in Sources */ = {isa = PBXBuildFile; fileRef = 26B1D8EE2BAB910200A885E9 /* SettingsViewModel.swift */; };
		26B1D8F12BAC922100A885E9 /* ProfileView.swift in Sources */ = {isa = PBXBuildFile; fileRef = 26B1D8F02BAC922100A885E9 /* ProfileView.swift */; };
		26E8F7012B9500E600EC40F4 /* NoteCardView.swift in Sources */ = {isa = PBXBuildFile; fileRef = 26E8F7002B9500E600EC40F4 /* NoteCardView.swift */; };
		577CBAE66740E7C24ACB9871 /* Pods_Notextract.framework in Frameworks */ = {isa = PBXBuildFile; fileRef = B8100B5FC5968976D1E68025 /* Pods_Notextract.framework */; };
		C19ABD842B97175E00103EF4 /* GoogleService-Info.plist in Resources */ = {isa = PBXBuildFile; fileRef = C19ABD832B97175E00103EF4 /* GoogleService-Info.plist */; };
		C19ABD862B9721A100103EF4 /* LoginView.swift in Sources */ = {isa = PBXBuildFile; fileRef = C19ABD852B9721A100103EF4 /* LoginView.swift */; };
		C19ABD892B975C7500103EF4 /* RoundedCorner.swift in Sources */ = {isa = PBXBuildFile; fileRef = C19ABD882B975C7500103EF4 /* RoundedCorner.swift */; };
		C19ABD8D2B975D2300103EF4 /* ViewExtension.swift in Sources */ = {isa = PBXBuildFile; fileRef = C19ABD8C2B975D2300103EF4 /* ViewExtension.swift */; };
		C19ABD912B976E6600103EF4 /* LeagueSpartan.ttf in Resources */ = {isa = PBXBuildFile; fileRef = C19ABD902B976E6600103EF4 /* LeagueSpartan.ttf */; };
		C19ABD942B97716500103EF4 /* LoraItalic.ttf in Resources */ = {isa = PBXBuildFile; fileRef = C19ABD922B97716400103EF4 /* LoraItalic.ttf */; };
		C19ABD952B97716500103EF4 /* Lora.ttf in Resources */ = {isa = PBXBuildFile; fileRef = C19ABD932B97716500103EF4 /* Lora.ttf */; };
		C19ABDA92B97719500103EF4 /* Poppins-SemiBold.ttf in Resources */ = {isa = PBXBuildFile; fileRef = C19ABD972B97718800103EF4 /* Poppins-SemiBold.ttf */; };
		C19ABDAA2B97719500103EF4 /* Poppins-SemiBoldItalic.ttf in Resources */ = {isa = PBXBuildFile; fileRef = C19ABD982B97718800103EF4 /* Poppins-SemiBoldItalic.ttf */; };
		C19ABDAB2B97719500103EF4 /* Poppins-ThinItalic.ttf in Resources */ = {isa = PBXBuildFile; fileRef = C19ABD992B97718900103EF4 /* Poppins-ThinItalic.ttf */; };
		C19ABDAC2B97719500103EF4 /* Poppins-BoldItalic.ttf in Resources */ = {isa = PBXBuildFile; fileRef = C19ABD9A2B97718A00103EF4 /* Poppins-BoldItalic.ttf */; };
		C19ABDAD2B97719500103EF4 /* Poppins-MediumItalic.ttf in Resources */ = {isa = PBXBuildFile; fileRef = C19ABD9B2B97718B00103EF4 /* Poppins-MediumItalic.ttf */; };
		C19ABDAE2B97719500103EF4 /* Poppins-Medium.ttf in Resources */ = {isa = PBXBuildFile; fileRef = C19ABD9C2B97718B00103EF4 /* Poppins-Medium.ttf */; };
		C19ABDAF2B97719500103EF4 /* Poppins-ExtraLightItalic.ttf in Resources */ = {isa = PBXBuildFile; fileRef = C19ABD9D2B97718C00103EF4 /* Poppins-ExtraLightItalic.ttf */; };
		C19ABDB02B97719500103EF4 /* Poppins-Regular.ttf in Resources */ = {isa = PBXBuildFile; fileRef = C19ABD9E2B97718D00103EF4 /* Poppins-Regular.ttf */; };
		C19ABDB12B97719500103EF4 /* Poppins-Light.ttf in Resources */ = {isa = PBXBuildFile; fileRef = C19ABD9F2B97718E00103EF4 /* Poppins-Light.ttf */; };
		C19ABDB22B97719500103EF4 /* Poppins-ExtraBoldItalic.ttf in Resources */ = {isa = PBXBuildFile; fileRef = C19ABDA02B97718F00103EF4 /* Poppins-ExtraBoldItalic.ttf */; };
		C19ABDB32B97719500103EF4 /* Poppins-LightItalic.ttf in Resources */ = {isa = PBXBuildFile; fileRef = C19ABDA12B97718F00103EF4 /* Poppins-LightItalic.ttf */; };
		C19ABDB42B97719500103EF4 /* Poppins-Thin.ttf in Resources */ = {isa = PBXBuildFile; fileRef = C19ABDA22B97719000103EF4 /* Poppins-Thin.ttf */; };
		C19ABDB52B97719500103EF4 /* Poppins-Bold.ttf in Resources */ = {isa = PBXBuildFile; fileRef = C19ABDA32B97719100103EF4 /* Poppins-Bold.ttf */; };
		C19ABDB62B97719500103EF4 /* Poppins-ExtraBold.ttf in Resources */ = {isa = PBXBuildFile; fileRef = C19ABDA42B97719200103EF4 /* Poppins-ExtraBold.ttf */; };
		C19ABDB72B97719500103EF4 /* Poppins-BlackItalic.ttf in Resources */ = {isa = PBXBuildFile; fileRef = C19ABDA52B97719200103EF4 /* Poppins-BlackItalic.ttf */; };
		C19ABDB82B97719500103EF4 /* Poppins-Italic.ttf in Resources */ = {isa = PBXBuildFile; fileRef = C19ABDA62B97719300103EF4 /* Poppins-Italic.ttf */; };
		C19ABDB92B97719500103EF4 /* Poppins-ExtraLight.ttf in Resources */ = {isa = PBXBuildFile; fileRef = C19ABDA72B97719400103EF4 /* Poppins-ExtraLight.ttf */; };
		C19ABDBA2B97719500103EF4 /* Poppins-Black.ttf in Resources */ = {isa = PBXBuildFile; fileRef = C19ABDA82B97719500103EF4 /* Poppins-Black.ttf */; };
		C19ABDBC2B9777E400103EF4 /* FontExtension.swift in Sources */ = {isa = PBXBuildFile; fileRef = C19ABDBB2B9777E400103EF4 /* FontExtension.swift */; };
/* End PBXBuildFile section */

/* Begin PBXFileReference section */
		01EB2805A2B42B887BA7946E /* Pods-Notextract.debug.xcconfig */ = {isa = PBXFileReference; includeInIndex = 1; lastKnownFileType = text.xcconfig; name = "Pods-Notextract.debug.xcconfig"; path = "Target Support Files/Pods-Notextract/Pods-Notextract.debug.xcconfig"; sourceTree = "<group>"; };
		26101C6D2B8E6A770064A2DB /* HomeViewModel.swift */ = {isa = PBXFileReference; lastKnownFileType = sourcecode.swift; path = HomeViewModel.swift; sourceTree = "<group>"; };
		26101C6F2B8E89040064A2DB /* ExtractTextView.swift */ = {isa = PBXFileReference; lastKnownFileType = sourcecode.swift; path = ExtractTextView.swift; sourceTree = "<group>"; };
		2660D7C42B8E651400FF4716 /* Notextract.app */ = {isa = PBXFileReference; explicitFileType = wrapper.application; includeInIndex = 0; path = Notextract.app; sourceTree = BUILT_PRODUCTS_DIR; };
		2660D7C72B8E651400FF4716 /* NotextractApp.swift */ = {isa = PBXFileReference; lastKnownFileType = sourcecode.swift; path = NotextractApp.swift; sourceTree = "<group>"; };
		2660D7C92B8E651400FF4716 /* ContentView.swift */ = {isa = PBXFileReference; lastKnownFileType = sourcecode.swift; path = ContentView.swift; sourceTree = "<group>"; };
		2660D7CB2B8E651700FF4716 /* Assets.xcassets */ = {isa = PBXFileReference; lastKnownFileType = folder.assetcatalog; path = Assets.xcassets; sourceTree = "<group>"; };
		2660D7CE2B8E651700FF4716 /* Preview Assets.xcassets */ = {isa = PBXFileReference; lastKnownFileType = folder.assetcatalog; path = "Preview Assets.xcassets"; sourceTree = "<group>"; };
		2660D7D72B8E655700FF4716 /* HomeView.swift */ = {isa = PBXFileReference; lastKnownFileType = sourcecode.swift; path = HomeView.swift; sourceTree = "<group>"; };
		2660D7D92B8E656200FF4716 /* CameraView.swift */ = {isa = PBXFileReference; lastKnownFileType = sourcecode.swift; path = CameraView.swift; sourceTree = "<group>"; };
		2660D7DB2B8E657200FF4716 /* CameraCoordinator.swift */ = {isa = PBXFileReference; lastKnownFileType = sourcecode.swift; path = CameraCoordinator.swift; sourceTree = "<group>"; };
		26AF818F2B9B4B54004BAAC0 /* PublishersExtension.swift */ = {isa = PBXFileReference; fileEncoding = 4; lastKnownFileType = sourcecode.swift; path = PublishersExtension.swift; sourceTree = "<group>"; };
		26AF81912B9B4B75004BAAC0 /* Note.swift */ = {isa = PBXFileReference; fileEncoding = 4; lastKnownFileType = sourcecode.swift; path = Note.swift; sourceTree = "<group>"; };
		26B1D8CC2B9BD9B100A885E9 /* CustomTextView.swift */ = {isa = PBXFileReference; lastKnownFileType = sourcecode.swift; path = CustomTextView.swift; sourceTree = "<group>"; };
		26B1D8CE2B9FB4B900A885E9 /* DotPattern.swift */ = {isa = PBXFileReference; fileEncoding = 4; lastKnownFileType = sourcecode.swift; path = DotPattern.swift; sourceTree = "<group>"; };
		26B1D8D02BA0B38000A885E9 /* ExtractTextViewModel.swift */ = {isa = PBXFileReference; lastKnownFileType = sourcecode.swift; path = ExtractTextViewModel.swift; sourceTree = "<group>"; };
		26B1D8D22BA1CC2300A885E9 /* AuthManager.swift */ = {isa = PBXFileReference; lastKnownFileType = sourcecode.swift; path = AuthManager.swift; sourceTree = "<group>"; };
		26B1D8DD2BA2BE9C00A885E9 /* GIFView.swift */ = {isa = PBXFileReference; lastKnownFileType = sourcecode.swift; path = GIFView.swift; sourceTree = "<group>"; };
		26B1D8E12BA328F500A885E9 /* notextract_ascend.gif */ = {isa = PBXFileReference; lastKnownFileType = image.gif; path = notextract_ascend.gif; sourceTree = "<group>"; };
		26B1D8E32BA33EC900A885E9 /* NoteView.swift */ = {isa = PBXFileReference; lastKnownFileType = sourcecode.swift; path = NoteView.swift; sourceTree = "<group>"; };
		26B1D8E52BAA588400A885E9 /* Avatar.swift */ = {isa = PBXFileReference; lastKnownFileType = sourcecode.swift; path = Avatar.swift; sourceTree = "<group>"; };
		26B1D8E82BAAA5BE00A885E9 /* amsterdam-two.ttf */ = {isa = PBXFileReference; lastKnownFileType = file; path = "amsterdam-two.ttf"; sourceTree = "<group>"; };
		26B1D8EA2BAB424800A885E9 /* SettingsView.swift */ = {isa = PBXFileReference; lastKnownFileType = sourcecode.swift; path = SettingsView.swift; sourceTree = "<group>"; };
		26B1D8EC2BAB902E00A885E9 /* ColorSchemeMode.swift */ = {isa = PBXFileReference; lastKnownFileType = sourcecode.swift; path = ColorSchemeMode.swift; sourceTree = "<group>"; };
		26B1D8EE2BAB910200A885E9 /* SettingsViewModel.swift */ = {isa = PBXFileReference; lastKnownFileType = sourcecode.swift; path = SettingsViewModel.swift; sourceTree = "<group>"; };
		26B1D8F02BAC922100A885E9 /* ProfileView.swift */ = {isa = PBXFileReference; lastKnownFileType = sourcecode.swift; path = ProfileView.swift; sourceTree = "<group>"; };
		26E8F7002B9500E600EC40F4 /* NoteCardView.swift */ = {isa = PBXFileReference; lastKnownFileType = sourcecode.swift; path = NoteCardView.swift; sourceTree = "<group>"; };
		2EF31779251D1555F8011A5D /* Pods-Notextract.release.xcconfig */ = {isa = PBXFileReference; includeInIndex = 1; lastKnownFileType = text.xcconfig; name = "Pods-Notextract.release.xcconfig"; path = "Target Support Files/Pods-Notextract/Pods-Notextract.release.xcconfig"; sourceTree = "<group>"; };
		B8100B5FC5968976D1E68025 /* Pods_Notextract.framework */ = {isa = PBXFileReference; explicitFileType = wrapper.framework; includeInIndex = 0; path = Pods_Notextract.framework; sourceTree = BUILT_PRODUCTS_DIR; };
		C19ABD832B97175E00103EF4 /* GoogleService-Info.plist */ = {isa = PBXFileReference; fileEncoding = 4; lastKnownFileType = text.plist.xml; path = "GoogleService-Info.plist"; sourceTree = "<group>"; };
		C19ABD852B9721A100103EF4 /* LoginView.swift */ = {isa = PBXFileReference; lastKnownFileType = sourcecode.swift; path = LoginView.swift; sourceTree = "<group>"; };
		C19ABD882B975C7500103EF4 /* RoundedCorner.swift */ = {isa = PBXFileReference; lastKnownFileType = sourcecode.swift; path = RoundedCorner.swift; sourceTree = "<group>"; };
		C19ABD8C2B975D2300103EF4 /* ViewExtension.swift */ = {isa = PBXFileReference; lastKnownFileType = sourcecode.swift; path = ViewExtension.swift; sourceTree = "<group>"; };
		C19ABD902B976E6600103EF4 /* LeagueSpartan.ttf */ = {isa = PBXFileReference; lastKnownFileType = file; path = LeagueSpartan.ttf; sourceTree = "<group>"; };
		C19ABD922B97716400103EF4 /* LoraItalic.ttf */ = {isa = PBXFileReference; lastKnownFileType = file; path = LoraItalic.ttf; sourceTree = "<group>"; };
		C19ABD932B97716500103EF4 /* Lora.ttf */ = {isa = PBXFileReference; lastKnownFileType = file; path = Lora.ttf; sourceTree = "<group>"; };
		C19ABD972B97718800103EF4 /* Poppins-SemiBold.ttf */ = {isa = PBXFileReference; lastKnownFileType = file; path = "Poppins-SemiBold.ttf"; sourceTree = "<group>"; };
		C19ABD982B97718800103EF4 /* Poppins-SemiBoldItalic.ttf */ = {isa = PBXFileReference; lastKnownFileType = file; path = "Poppins-SemiBoldItalic.ttf"; sourceTree = "<group>"; };
		C19ABD992B97718900103EF4 /* Poppins-ThinItalic.ttf */ = {isa = PBXFileReference; lastKnownFileType = file; path = "Poppins-ThinItalic.ttf"; sourceTree = "<group>"; };
		C19ABD9A2B97718A00103EF4 /* Poppins-BoldItalic.ttf */ = {isa = PBXFileReference; lastKnownFileType = file; path = "Poppins-BoldItalic.ttf"; sourceTree = "<group>"; };
		C19ABD9B2B97718B00103EF4 /* Poppins-MediumItalic.ttf */ = {isa = PBXFileReference; lastKnownFileType = file; path = "Poppins-MediumItalic.ttf"; sourceTree = "<group>"; };
		C19ABD9C2B97718B00103EF4 /* Poppins-Medium.ttf */ = {isa = PBXFileReference; lastKnownFileType = file; path = "Poppins-Medium.ttf"; sourceTree = "<group>"; };
		C19ABD9D2B97718C00103EF4 /* Poppins-ExtraLightItalic.ttf */ = {isa = PBXFileReference; lastKnownFileType = file; path = "Poppins-ExtraLightItalic.ttf"; sourceTree = "<group>"; };
		C19ABD9E2B97718D00103EF4 /* Poppins-Regular.ttf */ = {isa = PBXFileReference; lastKnownFileType = file; path = "Poppins-Regular.ttf"; sourceTree = "<group>"; };
		C19ABD9F2B97718E00103EF4 /* Poppins-Light.ttf */ = {isa = PBXFileReference; lastKnownFileType = file; path = "Poppins-Light.ttf"; sourceTree = "<group>"; };
		C19ABDA02B97718F00103EF4 /* Poppins-ExtraBoldItalic.ttf */ = {isa = PBXFileReference; lastKnownFileType = file; path = "Poppins-ExtraBoldItalic.ttf"; sourceTree = "<group>"; };
		C19ABDA12B97718F00103EF4 /* Poppins-LightItalic.ttf */ = {isa = PBXFileReference; lastKnownFileType = file; path = "Poppins-LightItalic.ttf"; sourceTree = "<group>"; };
		C19ABDA22B97719000103EF4 /* Poppins-Thin.ttf */ = {isa = PBXFileReference; lastKnownFileType = file; path = "Poppins-Thin.ttf"; sourceTree = "<group>"; };
		C19ABDA32B97719100103EF4 /* Poppins-Bold.ttf */ = {isa = PBXFileReference; lastKnownFileType = file; path = "Poppins-Bold.ttf"; sourceTree = "<group>"; };
		C19ABDA42B97719200103EF4 /* Poppins-ExtraBold.ttf */ = {isa = PBXFileReference; lastKnownFileType = file; path = "Poppins-ExtraBold.ttf"; sourceTree = "<group>"; };
		C19ABDA52B97719200103EF4 /* Poppins-BlackItalic.ttf */ = {isa = PBXFileReference; lastKnownFileType = file; path = "Poppins-BlackItalic.ttf"; sourceTree = "<group>"; };
		C19ABDA62B97719300103EF4 /* Poppins-Italic.ttf */ = {isa = PBXFileReference; lastKnownFileType = file; path = "Poppins-Italic.ttf"; sourceTree = "<group>"; };
		C19ABDA72B97719400103EF4 /* Poppins-ExtraLight.ttf */ = {isa = PBXFileReference; lastKnownFileType = file; path = "Poppins-ExtraLight.ttf"; sourceTree = "<group>"; };
		C19ABDA82B97719500103EF4 /* Poppins-Black.ttf */ = {isa = PBXFileReference; lastKnownFileType = file; path = "Poppins-Black.ttf"; sourceTree = "<group>"; };
		C19ABDBB2B9777E400103EF4 /* FontExtension.swift */ = {isa = PBXFileReference; lastKnownFileType = sourcecode.swift; path = FontExtension.swift; sourceTree = "<group>"; };
/* End PBXFileReference section */

/* Begin PBXFrameworksBuildPhase section */
		2660D7C12B8E651400FF4716 /* Frameworks */ = {
			isa = PBXFrameworksBuildPhase;
			buildActionMask = 2147483647;
			files = (
				577CBAE66740E7C24ACB9871 /* Pods_Notextract.framework in Frameworks */,
				26B1D8DC2BA2BE6300A885E9 /* FLAnimatedImage in Frameworks */,
			);
			runOnlyForDeploymentPostprocessing = 0;
		};
/* End PBXFrameworksBuildPhase section */

/* Begin PBXGroup section */
		19B8EBA09785725BD27D1A19 /* Frameworks */ = {
			isa = PBXGroup;
			children = (
				B8100B5FC5968976D1E68025 /* Pods_Notextract.framework */,
			);
			name = Frameworks;
			sourceTree = "<group>";
		};
		26101C6C2B8E6A690064A2DB /* ViewModels */ = {
			isa = PBXGroup;
			children = (
				26101C6D2B8E6A770064A2DB /* HomeViewModel.swift */,
				26B1D8D02BA0B38000A885E9 /* ExtractTextViewModel.swift */,
				26B1D8EE2BAB910200A885E9 /* SettingsViewModel.swift */,
			);
			path = ViewModels;
			sourceTree = "<group>";
		};
		2660D7BB2B8E651400FF4716 = {
			isa = PBXGroup;
			children = (
				2660D7C62B8E651400FF4716 /* Notextract */,
				2660D7C52B8E651400FF4716 /* Products */,
				A32B0478C55BCBF99E223638 /* Pods */,
				19B8EBA09785725BD27D1A19 /* Frameworks */,
			);
			sourceTree = "<group>";
		};
		2660D7C52B8E651400FF4716 /* Products */ = {
			isa = PBXGroup;
			children = (
				2660D7C42B8E651400FF4716 /* Notextract.app */,
			);
			name = Products;
			sourceTree = "<group>";
		};
		2660D7C62B8E651400FF4716 /* Notextract */ = {
			isa = PBXGroup;
			children = (
				C19ABD8F2B976E5100103EF4 /* Fonts */,
				C19ABD8A2B975CF400103EF4 /* Extensions */,
				C19ABD872B975C6100103EF4 /* Shapes */,
				2660D7D52B8E654000FF4716 /* Views */,
				2660D7D62B8E654800FF4716 /* Models */,
				26101C6C2B8E6A690064A2DB /* ViewModels */,
				2660D7C72B8E651400FF4716 /* NotextractApp.swift */,
				2660D7CB2B8E651700FF4716 /* Assets.xcassets */,
				C19ABD832B97175E00103EF4 /* GoogleService-Info.plist */,
				26B1D8E12BA328F500A885E9 /* notextract_ascend.gif */,
				2660D7CD2B8E651700FF4716 /* Preview Content */,
			);
			path = Notextract;
			sourceTree = "<group>";
		};
		2660D7CD2B8E651700FF4716 /* Preview Content */ = {
			isa = PBXGroup;
			children = (
				2660D7CE2B8E651700FF4716 /* Preview Assets.xcassets */,
			);
			path = "Preview Content";
			sourceTree = "<group>";
		};
		2660D7D52B8E654000FF4716 /* Views */ = {
			isa = PBXGroup;
			children = (
				2660D7C92B8E651400FF4716 /* ContentView.swift */,
				2660D7D72B8E655700FF4716 /* HomeView.swift */,
				2660D7D92B8E656200FF4716 /* CameraView.swift */,
				26101C6F2B8E89040064A2DB /* ExtractTextView.swift */,
				26E8F7002B9500E600EC40F4 /* NoteCardView.swift */,
				C19ABD852B9721A100103EF4 /* LoginView.swift */,
				26B1D8CC2B9BD9B100A885E9 /* CustomTextView.swift */,
				26B1D8DD2BA2BE9C00A885E9 /* GIFView.swift */,
				26B1D8E32BA33EC900A885E9 /* NoteView.swift */,
				26B1D8EA2BAB424800A885E9 /* SettingsView.swift */,
				26B1D8F02BAC922100A885E9 /* ProfileView.swift */,
			);
			path = Views;
			sourceTree = "<group>";
		};
		2660D7D62B8E654800FF4716 /* Models */ = {
			isa = PBXGroup;
			children = (
				2660D7DB2B8E657200FF4716 /* CameraCoordinator.swift */,
				26AF81912B9B4B75004BAAC0 /* Note.swift */,
				26B1D8D22BA1CC2300A885E9 /* AuthManager.swift */,
				26B1D8EC2BAB902E00A885E9 /* ColorSchemeMode.swift */,
			);
			path = Models;
			sourceTree = "<group>";
		};
		26B1D8E72BAAA5B000A885E9 /* AmsterdamTwo */ = {
			isa = PBXGroup;
			children = (
				26B1D8E82BAAA5BE00A885E9 /* amsterdam-two.ttf */,
			);
			path = AmsterdamTwo;
			sourceTree = "<group>";
		};
		A32B0478C55BCBF99E223638 /* Pods */ = {
			isa = PBXGroup;
			children = (
				01EB2805A2B42B887BA7946E /* Pods-Notextract.debug.xcconfig */,
				2EF31779251D1555F8011A5D /* Pods-Notextract.release.xcconfig */,
			);
			path = Pods;
			sourceTree = "<group>";
		};
		C19ABD872B975C6100103EF4 /* Shapes */ = {
			isa = PBXGroup;
			children = (
				26B1D8CE2B9FB4B900A885E9 /* DotPattern.swift */,
				C19ABD882B975C7500103EF4 /* RoundedCorner.swift */,
				26B1D8E52BAA588400A885E9 /* Avatar.swift */,
			);
			path = Shapes;
			sourceTree = "<group>";
		};
		C19ABD8A2B975CF400103EF4 /* Extensions */ = {
			isa = PBXGroup;
			children = (
				C19ABD8C2B975D2300103EF4 /* ViewExtension.swift */,
				C19ABDBB2B9777E400103EF4 /* FontExtension.swift */,
				26AF818F2B9B4B54004BAAC0 /* PublishersExtension.swift */,
			);
			path = Extensions;
			sourceTree = "<group>";
		};
		C19ABD8F2B976E5100103EF4 /* Fonts */ = {
			isa = PBXGroup;
			children = (
				26B1D8E72BAAA5B000A885E9 /* AmsterdamTwo */,
				C19ABDBE2B977B5300103EF4 /* LeagueSpartan */,
				C19ABDBD2B977A5500103EF4 /* Lora */,
				C19ABD962B97717500103EF4 /* Poppins */,
			);
			path = Fonts;
			sourceTree = "<group>";
		};
		C19ABD962B97717500103EF4 /* Poppins */ = {
			isa = PBXGroup;
			children = (
				C19ABDA82B97719500103EF4 /* Poppins-Black.ttf */,
				C19ABDA52B97719200103EF4 /* Poppins-BlackItalic.ttf */,
				C19ABDA32B97719100103EF4 /* Poppins-Bold.ttf */,
				C19ABD9A2B97718A00103EF4 /* Poppins-BoldItalic.ttf */,
				C19ABDA42B97719200103EF4 /* Poppins-ExtraBold.ttf */,
				C19ABDA02B97718F00103EF4 /* Poppins-ExtraBoldItalic.ttf */,
				C19ABDA72B97719400103EF4 /* Poppins-ExtraLight.ttf */,
				C19ABD9D2B97718C00103EF4 /* Poppins-ExtraLightItalic.ttf */,
				C19ABDA62B97719300103EF4 /* Poppins-Italic.ttf */,
				C19ABD9F2B97718E00103EF4 /* Poppins-Light.ttf */,
				C19ABDA12B97718F00103EF4 /* Poppins-LightItalic.ttf */,
				C19ABD9C2B97718B00103EF4 /* Poppins-Medium.ttf */,
				C19ABD9B2B97718B00103EF4 /* Poppins-MediumItalic.ttf */,
				C19ABD9E2B97718D00103EF4 /* Poppins-Regular.ttf */,
				C19ABD972B97718800103EF4 /* Poppins-SemiBold.ttf */,
				C19ABD982B97718800103EF4 /* Poppins-SemiBoldItalic.ttf */,
				C19ABDA22B97719000103EF4 /* Poppins-Thin.ttf */,
				C19ABD992B97718900103EF4 /* Poppins-ThinItalic.ttf */,
			);
			path = Poppins;
			sourceTree = "<group>";
		};
		C19ABDBD2B977A5500103EF4 /* Lora */ = {
			isa = PBXGroup;
			children = (
				C19ABD922B97716400103EF4 /* LoraItalic.ttf */,
				C19ABD932B97716500103EF4 /* Lora.ttf */,
			);
			path = Lora;
			sourceTree = "<group>";
		};
		C19ABDBE2B977B5300103EF4 /* LeagueSpartan */ = {
			isa = PBXGroup;
			children = (
				C19ABD902B976E6600103EF4 /* LeagueSpartan.ttf */,
			);
			path = LeagueSpartan;
			sourceTree = "<group>";
		};
/* End PBXGroup section */

/* Begin PBXNativeTarget section */
		2660D7C32B8E651400FF4716 /* Notextract */ = {
			isa = PBXNativeTarget;
			buildConfigurationList = 2660D7D22B8E651700FF4716 /* Build configuration list for PBXNativeTarget "Notextract" */;
			buildPhases = (
				BBC7920521ABCCF0037EC8F6 /* [CP] Check Pods Manifest.lock */,
				2660D7C02B8E651400FF4716 /* Sources */,
				2660D7C12B8E651400FF4716 /* Frameworks */,
				2660D7C22B8E651400FF4716 /* Resources */,
				F4501D0E40889EF84C4CDAE9 /* [CP] Embed Pods Frameworks */,
			);
			buildRules = (
			);
			dependencies = (
			);
			name = Notextract;
			packageProductDependencies = (
				26B1D8DB2BA2BE6300A885E9 /* FLAnimatedImage */,
			);
			productName = Notextract;
			productReference = 2660D7C42B8E651400FF4716 /* Notextract.app */;
			productType = "com.apple.product-type.application";
		};
/* End PBXNativeTarget section */

/* Begin PBXProject section */
		2660D7BC2B8E651400FF4716 /* Project object */ = {
			isa = PBXProject;
			attributes = {
				BuildIndependentTargetsInParallel = 1;
				LastSwiftUpdateCheck = 1520;
				LastUpgradeCheck = 1520;
				TargetAttributes = {
					2660D7C32B8E651400FF4716 = {
						CreatedOnToolsVersion = 15.2;
					};
				};
			};
			buildConfigurationList = 2660D7BF2B8E651400FF4716 /* Build configuration list for PBXProject "Notextract" */;
			compatibilityVersion = "Xcode 14.0";
			developmentRegion = en;
			hasScannedForEncodings = 0;
			knownRegions = (
				en,
				Base,
			);
			mainGroup = 2660D7BB2B8E651400FF4716;
			packageReferences = (
				26B1D8DA2BA2BE6300A885E9 /* XCRemoteSwiftPackageReference "FLAnimatedImage" */,
			);
			productRefGroup = 2660D7C52B8E651400FF4716 /* Products */;
			projectDirPath = "";
			projectRoot = "";
			targets = (
				2660D7C32B8E651400FF4716 /* Notextract */,
			);
		};
/* End PBXProject section */

/* Begin PBXResourcesBuildPhase section */
		2660D7C22B8E651400FF4716 /* Resources */ = {
			isa = PBXResourcesBuildPhase;
			buildActionMask = 2147483647;
			files = (
				C19ABDBA2B97719500103EF4 /* Poppins-Black.ttf in Resources */,
				26B1D8E92BAAA5BE00A885E9 /* amsterdam-two.ttf in Resources */,
				C19ABDB32B97719500103EF4 /* Poppins-LightItalic.ttf in Resources */,
				C19ABDB72B97719500103EF4 /* Poppins-BlackItalic.ttf in Resources */,
				C19ABD942B97716500103EF4 /* LoraItalic.ttf in Resources */,
				C19ABDB12B97719500103EF4 /* Poppins-Light.ttf in Resources */,
				C19ABDB42B97719500103EF4 /* Poppins-Thin.ttf in Resources */,
				C19ABDAD2B97719500103EF4 /* Poppins-MediumItalic.ttf in Resources */,
				C19ABDAA2B97719500103EF4 /* Poppins-SemiBoldItalic.ttf in Resources */,
				C19ABDB52B97719500103EF4 /* Poppins-Bold.ttf in Resources */,
				C19ABDA92B97719500103EF4 /* Poppins-SemiBold.ttf in Resources */,
				26B1D8E22BA328F500A885E9 /* notextract_ascend.gif in Resources */,
				2660D7CF2B8E651700FF4716 /* Preview Assets.xcassets in Resources */,
				2660D7CC2B8E651700FF4716 /* Assets.xcassets in Resources */,
				C19ABDB92B97719500103EF4 /* Poppins-ExtraLight.ttf in Resources */,
				C19ABD912B976E6600103EF4 /* LeagueSpartan.ttf in Resources */,
				C19ABDB22B97719500103EF4 /* Poppins-ExtraBoldItalic.ttf in Resources */,
				C19ABDAB2B97719500103EF4 /* Poppins-ThinItalic.ttf in Resources */,
				C19ABDAF2B97719500103EF4 /* Poppins-ExtraLightItalic.ttf in Resources */,
				C19ABDB02B97719500103EF4 /* Poppins-Regular.ttf in Resources */,
				C19ABD842B97175E00103EF4 /* GoogleService-Info.plist in Resources */,
				C19ABDB62B97719500103EF4 /* Poppins-ExtraBold.ttf in Resources */,
				C19ABDB82B97719500103EF4 /* Poppins-Italic.ttf in Resources */,
				C19ABDAE2B97719500103EF4 /* Poppins-Medium.ttf in Resources */,
				C19ABD952B97716500103EF4 /* Lora.ttf in Resources */,
				C19ABDAC2B97719500103EF4 /* Poppins-BoldItalic.ttf in Resources */,
			);
			runOnlyForDeploymentPostprocessing = 0;
		};
/* End PBXResourcesBuildPhase section */

/* Begin PBXShellScriptBuildPhase section */
		BBC7920521ABCCF0037EC8F6 /* [CP] Check Pods Manifest.lock */ = {
			isa = PBXShellScriptBuildPhase;
			buildActionMask = 2147483647;
			files = (
			);
			inputFileListPaths = (
			);
			inputPaths = (
				"${PODS_PODFILE_DIR_PATH}/Podfile.lock",
				"${PODS_ROOT}/Manifest.lock",
			);
			name = "[CP] Check Pods Manifest.lock";
			outputFileListPaths = (
			);
			outputPaths = (
				"$(DERIVED_FILE_DIR)/Pods-Notextract-checkManifestLockResult.txt",
			);
			runOnlyForDeploymentPostprocessing = 0;
			shellPath = /bin/sh;
			shellScript = "diff \"${PODS_PODFILE_DIR_PATH}/Podfile.lock\" \"${PODS_ROOT}/Manifest.lock\" > /dev/null\nif [ $? != 0 ] ; then\n    # print error to STDERR\n    echo \"error: The sandbox is not in sync with the Podfile.lock. Run 'pod install' or update your CocoaPods installation.\" >&2\n    exit 1\nfi\n# This output is used by Xcode 'outputs' to avoid re-running this script phase.\necho \"SUCCESS\" > \"${SCRIPT_OUTPUT_FILE_0}\"\n";
			showEnvVarsInLog = 0;
		};
		F4501D0E40889EF84C4CDAE9 /* [CP] Embed Pods Frameworks */ = {
			isa = PBXShellScriptBuildPhase;
			buildActionMask = 2147483647;
			files = (
			);
			inputFileListPaths = (
				"${PODS_ROOT}/Target Support Files/Pods-Notextract/Pods-Notextract-frameworks-${CONFIGURATION}-input-files.xcfilelist",
			);
			name = "[CP] Embed Pods Frameworks";
			outputFileListPaths = (
				"${PODS_ROOT}/Target Support Files/Pods-Notextract/Pods-Notextract-frameworks-${CONFIGURATION}-output-files.xcfilelist",
			);
			runOnlyForDeploymentPostprocessing = 0;
			shellPath = /bin/sh;
			shellScript = "\"${PODS_ROOT}/Target Support Files/Pods-Notextract/Pods-Notextract-frameworks.sh\"\n";
			showEnvVarsInLog = 0;
		};
/* End PBXShellScriptBuildPhase section */

/* Begin PBXSourcesBuildPhase section */
		2660D7C02B8E651400FF4716 /* Sources */ = {
			isa = PBXSourcesBuildPhase;
			buildActionMask = 2147483647;
			files = (
				26B1D8DE2BA2BE9C00A885E9 /* GIFView.swift in Sources */,
				26B1D8ED2BAB902E00A885E9 /* ColorSchemeMode.swift in Sources */,
				26B1D8CF2B9FB4B900A885E9 /* DotPattern.swift in Sources */,
				26B1D8D32BA1CC2300A885E9 /* AuthManager.swift in Sources */,
				26E8F7012B9500E600EC40F4 /* NoteCardView.swift in Sources */,
				2660D7D82B8E655700FF4716 /* HomeView.swift in Sources */,
				C19ABD892B975C7500103EF4 /* RoundedCorner.swift in Sources */,
				26B1D8F12BAC922100A885E9 /* ProfileView.swift in Sources */,
				26B1D8E42BA33EC900A885E9 /* NoteView.swift in Sources */,
				26B1D8D12BA0B38000A885E9 /* ExtractTextViewModel.swift in Sources */,
				26101C702B8E89040064A2DB /* ExtractTextView.swift in Sources */,
				26AF81902B9B4B54004BAAC0 /* PublishersExtension.swift in Sources */,
				C19ABD862B9721A100103EF4 /* LoginView.swift in Sources */,
				2660D7DC2B8E657200FF4716 /* CameraCoordinator.swift in Sources */,
				C19ABDBC2B9777E400103EF4 /* FontExtension.swift in Sources */,
				C19ABD8D2B975D2300103EF4 /* ViewExtension.swift in Sources */,
				26AF81922B9B4B75004BAAC0 /* Note.swift in Sources */,
				2660D7CA2B8E651400FF4716 /* ContentView.swift in Sources */,
				26B1D8CD2B9BD9B100A885E9 /* CustomTextView.swift in Sources */,
				2660D7C82B8E651400FF4716 /* NotextractApp.swift in Sources */,
				26B1D8E62BAA588400A885E9 /* Avatar.swift in Sources */,
				2660D7DA2B8E656200FF4716 /* CameraView.swift in Sources */,
				26B1D8EB2BAB424800A885E9 /* SettingsView.swift in Sources */,
				26101C6E2B8E6A770064A2DB /* HomeViewModel.swift in Sources */,
				26B1D8EF2BAB910200A885E9 /* SettingsViewModel.swift in Sources */,
			);
			runOnlyForDeploymentPostprocessing = 0;
		};
/* End PBXSourcesBuildPhase section */

/* Begin XCBuildConfiguration section */
		2660D7D02B8E651700FF4716 /* Debug */ = {
			isa = XCBuildConfiguration;
			buildSettings = {
				ALWAYS_SEARCH_USER_PATHS = NO;
				ASSETCATALOG_COMPILER_GENERATE_SWIFT_ASSET_SYMBOL_EXTENSIONS = YES;
				CLANG_ANALYZER_NONNULL = YES;
				CLANG_ANALYZER_NUMBER_OBJECT_CONVERSION = YES_AGGRESSIVE;
				CLANG_CXX_LANGUAGE_STANDARD = "gnu++20";
				CLANG_ENABLE_MODULES = YES;
				CLANG_ENABLE_OBJC_ARC = YES;
				CLANG_ENABLE_OBJC_WEAK = YES;
				CLANG_WARN_BLOCK_CAPTURE_AUTORELEASING = YES;
				CLANG_WARN_BOOL_CONVERSION = YES;
				CLANG_WARN_COMMA = YES;
				CLANG_WARN_CONSTANT_CONVERSION = YES;
				CLANG_WARN_DEPRECATED_OBJC_IMPLEMENTATIONS = YES;
				CLANG_WARN_DIRECT_OBJC_ISA_USAGE = YES_ERROR;
				CLANG_WARN_DOCUMENTATION_COMMENTS = YES;
				CLANG_WARN_EMPTY_BODY = YES;
				CLANG_WARN_ENUM_CONVERSION = YES;
				CLANG_WARN_INFINITE_RECURSION = YES;
				CLANG_WARN_INT_CONVERSION = YES;
				CLANG_WARN_NON_LITERAL_NULL_CONVERSION = YES;
				CLANG_WARN_OBJC_IMPLICIT_RETAIN_SELF = YES;
				CLANG_WARN_OBJC_LITERAL_CONVERSION = YES;
				CLANG_WARN_OBJC_ROOT_CLASS = YES_ERROR;
				CLANG_WARN_QUOTED_INCLUDE_IN_FRAMEWORK_HEADER = YES;
				CLANG_WARN_RANGE_LOOP_ANALYSIS = YES;
				CLANG_WARN_STRICT_PROTOTYPES = YES;
				CLANG_WARN_SUSPICIOUS_MOVE = YES;
				CLANG_WARN_UNGUARDED_AVAILABILITY = YES_AGGRESSIVE;
				CLANG_WARN_UNREACHABLE_CODE = YES;
				CLANG_WARN__DUPLICATE_METHOD_MATCH = YES;
				COPY_PHASE_STRIP = NO;
				DEBUG_INFORMATION_FORMAT = dwarf;
				ENABLE_STRICT_OBJC_MSGSEND = YES;
				ENABLE_TESTABILITY = YES;
				ENABLE_USER_SCRIPT_SANDBOXING = YES;
				GCC_C_LANGUAGE_STANDARD = gnu17;
				GCC_DYNAMIC_NO_PIC = NO;
				GCC_NO_COMMON_BLOCKS = YES;
				GCC_OPTIMIZATION_LEVEL = 0;
				GCC_PREPROCESSOR_DEFINITIONS = (
					"DEBUG=1",
					"$(inherited)",
				);
				GCC_WARN_64_TO_32_BIT_CONVERSION = YES;
				GCC_WARN_ABOUT_RETURN_TYPE = YES_ERROR;
				GCC_WARN_UNDECLARED_SELECTOR = YES;
				GCC_WARN_UNINITIALIZED_AUTOS = YES_AGGRESSIVE;
				GCC_WARN_UNUSED_FUNCTION = YES;
				GCC_WARN_UNUSED_VARIABLE = YES;
				IPHONEOS_DEPLOYMENT_TARGET = 17.2;
				LOCALIZATION_PREFERS_STRING_CATALOGS = YES;
				MTL_ENABLE_DEBUG_INFO = INCLUDE_SOURCE;
				MTL_FAST_MATH = YES;
				ONLY_ACTIVE_ARCH = YES;
				OTHER_LDFLAGS = "";
				SDKROOT = iphoneos;
				SWIFT_ACTIVE_COMPILATION_CONDITIONS = "DEBUG $(inherited)";
				SWIFT_OPTIMIZATION_LEVEL = "-Onone";
			};
			name = Debug;
		};
		2660D7D12B8E651700FF4716 /* Release */ = {
			isa = XCBuildConfiguration;
			buildSettings = {
				ALWAYS_SEARCH_USER_PATHS = NO;
				ASSETCATALOG_COMPILER_GENERATE_SWIFT_ASSET_SYMBOL_EXTENSIONS = YES;
				CLANG_ANALYZER_NONNULL = YES;
				CLANG_ANALYZER_NUMBER_OBJECT_CONVERSION = YES_AGGRESSIVE;
				CLANG_CXX_LANGUAGE_STANDARD = "gnu++20";
				CLANG_ENABLE_MODULES = YES;
				CLANG_ENABLE_OBJC_ARC = YES;
				CLANG_ENABLE_OBJC_WEAK = YES;
				CLANG_WARN_BLOCK_CAPTURE_AUTORELEASING = YES;
				CLANG_WARN_BOOL_CONVERSION = YES;
				CLANG_WARN_COMMA = YES;
				CLANG_WARN_CONSTANT_CONVERSION = YES;
				CLANG_WARN_DEPRECATED_OBJC_IMPLEMENTATIONS = YES;
				CLANG_WARN_DIRECT_OBJC_ISA_USAGE = YES_ERROR;
				CLANG_WARN_DOCUMENTATION_COMMENTS = YES;
				CLANG_WARN_EMPTY_BODY = YES;
				CLANG_WARN_ENUM_CONVERSION = YES;
				CLANG_WARN_INFINITE_RECURSION = YES;
				CLANG_WARN_INT_CONVERSION = YES;
				CLANG_WARN_NON_LITERAL_NULL_CONVERSION = YES;
				CLANG_WARN_OBJC_IMPLICIT_RETAIN_SELF = YES;
				CLANG_WARN_OBJC_LITERAL_CONVERSION = YES;
				CLANG_WARN_OBJC_ROOT_CLASS = YES_ERROR;
				CLANG_WARN_QUOTED_INCLUDE_IN_FRAMEWORK_HEADER = YES;
				CLANG_WARN_RANGE_LOOP_ANALYSIS = YES;
				CLANG_WARN_STRICT_PROTOTYPES = YES;
				CLANG_WARN_SUSPICIOUS_MOVE = YES;
				CLANG_WARN_UNGUARDED_AVAILABILITY = YES_AGGRESSIVE;
				CLANG_WARN_UNREACHABLE_CODE = YES;
				CLANG_WARN__DUPLICATE_METHOD_MATCH = YES;
				COPY_PHASE_STRIP = NO;
				DEBUG_INFORMATION_FORMAT = "dwarf-with-dsym";
				ENABLE_NS_ASSERTIONS = NO;
				ENABLE_STRICT_OBJC_MSGSEND = YES;
				ENABLE_USER_SCRIPT_SANDBOXING = YES;
				GCC_C_LANGUAGE_STANDARD = gnu17;
				GCC_NO_COMMON_BLOCKS = YES;
				GCC_WARN_64_TO_32_BIT_CONVERSION = YES;
				GCC_WARN_ABOUT_RETURN_TYPE = YES_ERROR;
				GCC_WARN_UNDECLARED_SELECTOR = YES;
				GCC_WARN_UNINITIALIZED_AUTOS = YES_AGGRESSIVE;
				GCC_WARN_UNUSED_FUNCTION = YES;
				GCC_WARN_UNUSED_VARIABLE = YES;
				IPHONEOS_DEPLOYMENT_TARGET = 17.2;
				LOCALIZATION_PREFERS_STRING_CATALOGS = YES;
				MTL_ENABLE_DEBUG_INFO = NO;
				MTL_FAST_MATH = YES;
				OTHER_LDFLAGS = "";
				SDKROOT = iphoneos;
				SWIFT_COMPILATION_MODE = wholemodule;
				VALIDATE_PRODUCT = YES;
			};
			name = Release;
		};
		2660D7D32B8E651700FF4716 /* Debug */ = {
			isa = XCBuildConfiguration;
			baseConfigurationReference = 01EB2805A2B42B887BA7946E /* Pods-Notextract.debug.xcconfig */;
			buildSettings = {
				ASSETCATALOG_COMPILER_APPICON_NAME = AppIcon;
				ASSETCATALOG_COMPILER_GLOBAL_ACCENT_COLOR_NAME = AccentColor;
				CODE_SIGN_STYLE = Automatic;
				CURRENT_PROJECT_VERSION = 1;
				DEVELOPMENT_ASSET_PATHS = "\"Notextract/Preview Content\"";
				DEVELOPMENT_TEAM = 48N9AZXZUT;
				ENABLE_PREVIEWS = YES;
				ENABLE_USER_SCRIPT_SANDBOXING = NO;
				GENERATE_INFOPLIST_FILE = YES;
				INFOPLIST_FILE = Notextract/Info.plist;
				INFOPLIST_KEY_NSCameraUsageDescription = "";
				INFOPLIST_KEY_UIApplicationSceneManifest_Generation = YES;
				INFOPLIST_KEY_UIApplicationSupportsIndirectInputEvents = YES;
				INFOPLIST_KEY_UILaunchScreen_Generation = YES;
				INFOPLIST_KEY_UISupportedInterfaceOrientations_iPad = "UIInterfaceOrientationPortrait UIInterfaceOrientationPortraitUpsideDown UIInterfaceOrientationLandscapeLeft UIInterfaceOrientationLandscapeRight";
				INFOPLIST_KEY_UISupportedInterfaceOrientations_iPhone = "UIInterfaceOrientationPortrait UIInterfaceOrientationLandscapeLeft UIInterfaceOrientationLandscapeRight";
				IPHONEOS_DEPLOYMENT_TARGET = 15.0;
				LD_RUNPATH_SEARCH_PATHS = (
					"$(inherited)",
					"@executable_path/Frameworks",
				);
				MARKETING_VERSION = 1.0;
				PRODUCT_BUNDLE_IDENTIFIER = com.iosprojects.Notextract;
				PRODUCT_NAME = "$(TARGET_NAME)";
				SWIFT_EMIT_LOC_STRINGS = YES;
				SWIFT_VERSION = 5.0;
				TARGETED_DEVICE_FAMILY = "1,2";
			};
			name = Debug;
		};
		2660D7D42B8E651700FF4716 /* Release */ = {
			isa = XCBuildConfiguration;
			baseConfigurationReference = 2EF31779251D1555F8011A5D /* Pods-Notextract.release.xcconfig */;
			buildSettings = {
				ASSETCATALOG_COMPILER_APPICON_NAME = AppIcon;
				ASSETCATALOG_COMPILER_GLOBAL_ACCENT_COLOR_NAME = AccentColor;
				CODE_SIGN_STYLE = Automatic;
				CURRENT_PROJECT_VERSION = 1;
				DEVELOPMENT_ASSET_PATHS = "\"Notextract/Preview Content\"";
				DEVELOPMENT_TEAM = 48N9AZXZUT;
				ENABLE_PREVIEWS = YES;
				ENABLE_USER_SCRIPT_SANDBOXING = NO;
				GENERATE_INFOPLIST_FILE = YES;
				INFOPLIST_FILE = Notextract/Info.plist;
				INFOPLIST_KEY_NSCameraUsageDescription = "";
				INFOPLIST_KEY_UIApplicationSceneManifest_Generation = YES;
				INFOPLIST_KEY_UIApplicationSupportsIndirectInputEvents = YES;
				INFOPLIST_KEY_UILaunchScreen_Generation = YES;
				INFOPLIST_KEY_UISupportedInterfaceOrientations_iPad = "UIInterfaceOrientationPortrait UIInterfaceOrientationPortraitUpsideDown UIInterfaceOrientationLandscapeLeft UIInterfaceOrientationLandscapeRight";
				INFOPLIST_KEY_UISupportedInterfaceOrientations_iPhone = "UIInterfaceOrientationPortrait UIInterfaceOrientationLandscapeLeft UIInterfaceOrientationLandscapeRight";
				IPHONEOS_DEPLOYMENT_TARGET = 15.0;
				LD_RUNPATH_SEARCH_PATHS = (
					"$(inherited)",
					"@executable_path/Frameworks",
				);
				MARKETING_VERSION = 1.0;
				PRODUCT_BUNDLE_IDENTIFIER = com.iosprojects.Notextract;
				PRODUCT_NAME = "$(TARGET_NAME)";
				SWIFT_EMIT_LOC_STRINGS = YES;
				SWIFT_VERSION = 5.0;
				TARGETED_DEVICE_FAMILY = "1,2";
			};
			name = Release;
		};
/* End XCBuildConfiguration section */

/* Begin XCConfigurationList section */
		2660D7BF2B8E651400FF4716 /* Build configuration list for PBXProject "Notextract" */ = {
			isa = XCConfigurationList;
			buildConfigurations = (
				2660D7D02B8E651700FF4716 /* Debug */,
				2660D7D12B8E651700FF4716 /* Release */,
			);
			defaultConfigurationIsVisible = 0;
			defaultConfigurationName = Release;
		};
		2660D7D22B8E651700FF4716 /* Build configuration list for PBXNativeTarget "Notextract" */ = {
			isa = XCConfigurationList;
			buildConfigurations = (
				2660D7D32B8E651700FF4716 /* Debug */,
				2660D7D42B8E651700FF4716 /* Release */,
			);
			defaultConfigurationIsVisible = 0;
			defaultConfigurationName = Release;
		};
/* End XCConfigurationList section */

/* Begin XCRemoteSwiftPackageReference section */
		26B1D8DA2BA2BE6300A885E9 /* XCRemoteSwiftPackageReference "FLAnimatedImage" */ = {
			isa = XCRemoteSwiftPackageReference;
			repositoryURL = "https://github.com/Flipboard/FLAnimatedImage";
			requirement = {
				kind = upToNextMajorVersion;
				minimumVersion = 1.0.17;
			};
		};
/* End XCRemoteSwiftPackageReference section */

/* Begin XCSwiftPackageProductDependency section */
		26B1D8DB2BA2BE6300A885E9 /* FLAnimatedImage */ = {
			isa = XCSwiftPackageProductDependency;
			package = 26B1D8DA2BA2BE6300A885E9 /* XCRemoteSwiftPackageReference "FLAnimatedImage" */;
			productName = FLAnimatedImage;
		};
/* End XCSwiftPackageProductDependency section */
	};
	rootObject = 2660D7BC2B8E651400FF4716 /* Project object */;
}
