// !$*UTF8*$!
{
	archiveVersion = 1;
	classes = {
	};
	objectVersion = 56;
	objects = {

/* Begin PBXBuildFile section */
		26101C6E2B8E6A770064A2DB /* HomeViewModel.swift in Sources */ = {isa = PBXBuildFile; fileRef = 26101C6D2B8E6A770064A2DB /* HomeViewModel.swift */; };
		26101C702B8E89040064A2DB /* ExtractedTextView.swift in Sources */ = {isa = PBXBuildFile; fileRef = 26101C6F2B8E89040064A2DB /* ExtractedTextView.swift */; };
		2660D7C82B8E651400FF4716 /* NotextractApp.swift in Sources */ = {isa = PBXBuildFile; fileRef = 2660D7C72B8E651400FF4716 /* NotextractApp.swift */; };
		2660D7CA2B8E651400FF4716 /* ContentView.swift in Sources */ = {isa = PBXBuildFile; fileRef = 2660D7C92B8E651400FF4716 /* ContentView.swift */; };
		2660D7CC2B8E651700FF4716 /* Assets.xcassets in Resources */ = {isa = PBXBuildFile; fileRef = 2660D7CB2B8E651700FF4716 /* Assets.xcassets */; };
		2660D7CF2B8E651700FF4716 /* Preview Assets.xcassets in Resources */ = {isa = PBXBuildFile; fileRef = 2660D7CE2B8E651700FF4716 /* Preview Assets.xcassets */; };
		2660D7D82B8E655700FF4716 /* HomeView.swift in Sources */ = {isa = PBXBuildFile; fileRef = 2660D7D72B8E655700FF4716 /* HomeView.swift */; };
		2660D7DA2B8E656200FF4716 /* CameraView.swift in Sources */ = {isa = PBXBuildFile; fileRef = 2660D7D92B8E656200FF4716 /* CameraView.swift */; };
		2660D7DC2B8E657200FF4716 /* CameraCoordinator.swift in Sources */ = {isa = PBXBuildFile; fileRef = 2660D7DB2B8E657200FF4716 /* CameraCoordinator.swift */; };
		26E8F7012B9500E600EC40F4 /* NoteCardView.swift in Sources */ = {isa = PBXBuildFile; fileRef = 26E8F7002B9500E600EC40F4 /* NoteCardView.swift */; };
		51998DAD2E33A576183B1F88 /* Pods_Notextract.framework in Frameworks */ = {isa = PBXBuildFile; fileRef = 013479E12A43C9435BE3DB66 /* Pods_Notextract.framework */; };
/* End PBXBuildFile section */

/* Begin PBXFileReference section */
		013479E12A43C9435BE3DB66 /* Pods_Notextract.framework */ = {isa = PBXFileReference; explicitFileType = wrapper.framework; includeInIndex = 0; path = Pods_Notextract.framework; sourceTree = BUILT_PRODUCTS_DIR; };
		26101C6D2B8E6A770064A2DB /* HomeViewModel.swift */ = {isa = PBXFileReference; lastKnownFileType = sourcecode.swift; path = HomeViewModel.swift; sourceTree = "<group>"; };
		26101C6F2B8E89040064A2DB /* ExtractedTextView.swift */ = {isa = PBXFileReference; lastKnownFileType = sourcecode.swift; path = ExtractedTextView.swift; sourceTree = "<group>"; };
		2660D7C42B8E651400FF4716 /* Notextract.app */ = {isa = PBXFileReference; explicitFileType = wrapper.application; includeInIndex = 0; path = Notextract.app; sourceTree = BUILT_PRODUCTS_DIR; };
		2660D7C72B8E651400FF4716 /* NotextractApp.swift */ = {isa = PBXFileReference; lastKnownFileType = sourcecode.swift; path = NotextractApp.swift; sourceTree = "<group>"; };
		2660D7C92B8E651400FF4716 /* ContentView.swift */ = {isa = PBXFileReference; lastKnownFileType = sourcecode.swift; path = ContentView.swift; sourceTree = "<group>"; };
		2660D7CB2B8E651700FF4716 /* Assets.xcassets */ = {isa = PBXFileReference; lastKnownFileType = folder.assetcatalog; path = Assets.xcassets; sourceTree = "<group>"; };
		2660D7CE2B8E651700FF4716 /* Preview Assets.xcassets */ = {isa = PBXFileReference; lastKnownFileType = folder.assetcatalog; path = "Preview Assets.xcassets"; sourceTree = "<group>"; };
		2660D7D72B8E655700FF4716 /* HomeView.swift */ = {isa = PBXFileReference; lastKnownFileType = sourcecode.swift; path = HomeView.swift; sourceTree = "<group>"; };
		2660D7D92B8E656200FF4716 /* CameraView.swift */ = {isa = PBXFileReference; lastKnownFileType = sourcecode.swift; path = CameraView.swift; sourceTree = "<group>"; };
		2660D7DB2B8E657200FF4716 /* CameraCoordinator.swift */ = {isa = PBXFileReference; lastKnownFileType = sourcecode.swift; path = CameraCoordinator.swift; sourceTree = "<group>"; };
		26E8F7002B9500E600EC40F4 /* NoteCardView.swift */ = {isa = PBXFileReference; lastKnownFileType = sourcecode.swift; path = NoteCardView.swift; sourceTree = "<group>"; };
		A79E30971ABF1335812BC1B6 /* Pods-Notextract.debug.xcconfig */ = {isa = PBXFileReference; includeInIndex = 1; lastKnownFileType = text.xcconfig; name = "Pods-Notextract.debug.xcconfig"; path = "Target Support Files/Pods-Notextract/Pods-Notextract.debug.xcconfig"; sourceTree = "<group>"; };
		D4859E6CF03B199C0DC05B03 /* Pods-Notextract.release.xcconfig */ = {isa = PBXFileReference; includeInIndex = 1; lastKnownFileType = text.xcconfig; name = "Pods-Notextract.release.xcconfig"; path = "Target Support Files/Pods-Notextract/Pods-Notextract.release.xcconfig"; sourceTree = "<group>"; };
/* End PBXFileReference section */

/* Begin PBXFrameworksBuildPhase section */
		2660D7C12B8E651400FF4716 /* Frameworks */ = {
			isa = PBXFrameworksBuildPhase;
			buildActionMask = 2147483647;
			files = (
				51998DAD2E33A576183B1F88 /* Pods_Notextract.framework in Frameworks */,
			);
			runOnlyForDeploymentPostprocessing = 0;
		};
/* End PBXFrameworksBuildPhase section */

/* Begin PBXGroup section */
		26101C6C2B8E6A690064A2DB /* ViewModels */ = {
			isa = PBXGroup;
			children = (
				26101C6D2B8E6A770064A2DB /* HomeViewModel.swift */,
			);
			path = ViewModels;
			sourceTree = "<group>";
		};
		2660D7BB2B8E651400FF4716 = {
			isa = PBXGroup;
			children = (
				26101C6C2B8E6A690064A2DB /* ViewModels */,
				2660D7D62B8E654800FF4716 /* Models */,
				2660D7D52B8E654000FF4716 /* Views */,
				2660D7C62B8E651400FF4716 /* Notextract */,
				2660D7C52B8E651400FF4716 /* Products */,
				A32B0478C55BCBF99E223638 /* Pods */,
				62872E07CDA363D49341130F /* Frameworks */,
			);
			sourceTree = "<group>";
		};
		2660D7C52B8E651400FF4716 /* Products */ = {
			isa = PBXGroup;
			children = (
				2660D7C42B8E651400FF4716 /* Notextract.app */,
			);
			name = Products;
			sourceTree = "<group>";
		};
		2660D7C62B8E651400FF4716 /* Notextract */ = {
			isa = PBXGroup;
			children = (
				2660D7C72B8E651400FF4716 /* NotextractApp.swift */,
				2660D7CB2B8E651700FF4716 /* Assets.xcassets */,
				2660D7CD2B8E651700FF4716 /* Preview Content */,
			);
			path = Notextract;
			sourceTree = "<group>";
		};
		2660D7CD2B8E651700FF4716 /* Preview Content */ = {
			isa = PBXGroup;
			children = (
				2660D7CE2B8E651700FF4716 /* Preview Assets.xcassets */,
			);
			path = "Preview Content";
			sourceTree = "<group>";
		};
		2660D7D52B8E654000FF4716 /* Views */ = {
			isa = PBXGroup;
			children = (
				2660D7C92B8E651400FF4716 /* ContentView.swift */,
				2660D7D72B8E655700FF4716 /* HomeView.swift */,
				2660D7D92B8E656200FF4716 /* CameraView.swift */,
				26101C6F2B8E89040064A2DB /* ExtractedTextView.swift */,
				26E8F7002B9500E600EC40F4 /* NoteCardView.swift */,
			);
			path = Views;
			sourceTree = "<group>";
		};
		2660D7D62B8E654800FF4716 /* Models */ = {
			isa = PBXGroup;
			children = (
				2660D7DB2B8E657200FF4716 /* CameraCoordinator.swift */,
			);
			path = Models;
			sourceTree = "<group>";
		};
		62872E07CDA363D49341130F /* Frameworks */ = {
			isa = PBXGroup;
			children = (
				013479E12A43C9435BE3DB66 /* Pods_Notextract.framework */,
			);
			name = Frameworks;
			sourceTree = "<group>";
		};
		A32B0478C55BCBF99E223638 /* Pods */ = {
			isa = PBXGroup;
			children = (
				A79E30971ABF1335812BC1B6 /* Pods-Notextract.debug.xcconfig */,
				D4859E6CF03B199C0DC05B03 /* Pods-Notextract.release.xcconfig */,
			);
			path = Pods;
			sourceTree = "<group>";
		};
/* End PBXGroup section */

/* Begin PBXNativeTarget section */
		2660D7C32B8E651400FF4716 /* Notextract */ = {
			isa = PBXNativeTarget;
			buildConfigurationList = 2660D7D22B8E651700FF4716 /* Build configuration list for PBXNativeTarget "Notextract" */;
			buildPhases = (
				6795A8EEB50A41864524A65C /* [CP] Check Pods Manifest.lock */,
				2660D7C02B8E651400FF4716 /* Sources */,
				2660D7C12B8E651400FF4716 /* Frameworks */,
				2660D7C22B8E651400FF4716 /* Resources */,
				B5907A1D18F157D46184F84F /* [CP] Embed Pods Frameworks */,
				E274CA6DF83AAD598E21CD5D /* [CP] Copy Pods Resources */,
			);
			buildRules = (
			);
			dependencies = (
			);
			name = Notextract;
			productName = Notextract;
			productReference = 2660D7C42B8E651400FF4716 /* Notextract.app */;
			productType = "com.apple.product-type.application";
		};
/* End PBXNativeTarget section */

/* Begin PBXProject section */
		2660D7BC2B8E651400FF4716 /* Project object */ = {
			isa = PBXProject;
			attributes = {
				BuildIndependentTargetsInParallel = 1;
				LastSwiftUpdateCheck = 1520;
				LastUpgradeCheck = 1520;
				TargetAttributes = {
					2660D7C32B8E651400FF4716 = {
						CreatedOnToolsVersion = 15.2;
					};
				};
			};
			buildConfigurationList = 2660D7BF2B8E651400FF4716 /* Build configuration list for PBXProject "Notextract" */;
			compatibilityVersion = "Xcode 14.0";
			developmentRegion = en;
			hasScannedForEncodings = 0;
			knownRegions = (
				en,
				Base,
			);
			mainGroup = 2660D7BB2B8E651400FF4716;
			productRefGroup = 2660D7C52B8E651400FF4716 /* Products */;
			projectDirPath = "";
			projectRoot = "";
			targets = (
				2660D7C32B8E651400FF4716 /* Notextract */,
			);
		};
/* End PBXProject section */

/* Begin PBXResourcesBuildPhase section */
		2660D7C22B8E651400FF4716 /* Resources */ = {
			isa = PBXResourcesBuildPhase;
			buildActionMask = 2147483647;
			files = (
				2660D7CF2B8E651700FF4716 /* Preview Assets.xcassets in Resources */,
				2660D7CC2B8E651700FF4716 /* Assets.xcassets in Resources */,
			);
			runOnlyForDeploymentPostprocessing = 0;
		};
/* End PBXResourcesBuildPhase section */

/* Begin PBXShellScriptBuildPhase section */
		6795A8EEB50A41864524A65C /* [CP] Check Pods Manifest.lock */ = {
			isa = PBXShellScriptBuildPhase;
			buildActionMask = 2147483647;
			files = (
			);
			inputFileListPaths = (
			);
			inputPaths = (
				"${PODS_PODFILE_DIR_PATH}/Podfile.lock",
				"${PODS_ROOT}/Manifest.lock",
			);
			name = "[CP] Check Pods Manifest.lock";
			outputFileListPaths = (
			);
			outputPaths = (
				"$(DERIVED_FILE_DIR)/Pods-Notextract-checkManifestLockResult.txt",
			);
			runOnlyForDeploymentPostprocessing = 0;
			shellPath = /bin/sh;
			shellScript = "diff \"${PODS_PODFILE_DIR_PATH}/Podfile.lock\" \"${PODS_ROOT}/Manifest.lock\" > /dev/null\nif [ $? != 0 ] ; then\n    # print error to STDERR\n    echo \"error: The sandbox is not in sync with the Podfile.lock. Run 'pod install' or update your CocoaPods installation.\" >&2\n    exit 1\nfi\n# This output is used by Xcode 'outputs' to avoid re-running this script phase.\necho \"SUCCESS\" > \"${SCRIPT_OUTPUT_FILE_0}\"\n";
			showEnvVarsInLog = 0;
		};
		B5907A1D18F157D46184F84F /* [CP] Embed Pods Frameworks */ = {
			isa = PBXShellScriptBuildPhase;
			buildActionMask = 2147483647;
			files = (
			);
			inputFileListPaths = (
				"${PODS_ROOT}/Target Support Files/Pods-Notextract/Pods-Notextract-frameworks-${CONFIGURATION}-input-files.xcfilelist",
			);
			name = "[CP] Embed Pods Frameworks";
			outputFileListPaths = (
				"${PODS_ROOT}/Target Support Files/Pods-Notextract/Pods-Notextract-frameworks-${CONFIGURATION}-output-files.xcfilelist",
			);
			runOnlyForDeploymentPostprocessing = 0;
			shellPath = /bin/sh;
			shellScript = "\"${PODS_ROOT}/Target Support Files/Pods-Notextract/Pods-Notextract-frameworks.sh\"\n";
			showEnvVarsInLog = 0;
		};
		E274CA6DF83AAD598E21CD5D /* [CP] Copy Pods Resources */ = {
			isa = PBXShellScriptBuildPhase;
			buildActionMask = 2147483647;
			files = (
			);
			inputFileListPaths = (
				"${PODS_ROOT}/Target Support Files/Pods-Notextract/Pods-Notextract-resources-${CONFIGURATION}-input-files.xcfilelist",
			);
			name = "[CP] Copy Pods Resources";
			outputFileListPaths = (
				"${PODS_ROOT}/Target Support Files/Pods-Notextract/Pods-Notextract-resources-${CONFIGURATION}-output-files.xcfilelist",
			);
			runOnlyForDeploymentPostprocessing = 0;
			shellPath = /bin/sh;
			shellScript = "\"${PODS_ROOT}/Target Support Files/Pods-Notextract/Pods-Notextract-resources.sh\"\n";
			showEnvVarsInLog = 0;
		};
/* End PBXShellScriptBuildPhase section */

/* Begin PBXSourcesBuildPhase section */
		2660D7C02B8E651400FF4716 /* Sources */ = {
			isa = PBXSourcesBuildPhase;
			buildActionMask = 2147483647;
			files = (
				26E8F7012B9500E600EC40F4 /* NoteCardView.swift in Sources */,
				2660D7D82B8E655700FF4716 /* HomeView.swift in Sources */,
				26101C702B8E89040064A2DB /* ExtractedTextView.swift in Sources */,
				2660D7DC2B8E657200FF4716 /* CameraCoordinator.swift in Sources */,
				2660D7CA2B8E651400FF4716 /* ContentView.swift in Sources */,
				2660D7C82B8E651400FF4716 /* NotextractApp.swift in Sources */,
				2660D7DA2B8E656200FF4716 /* CameraView.swift in Sources */,
				26101C6E2B8E6A770064A2DB /* HomeViewModel.swift in Sources */,
			);
			runOnlyForDeploymentPostprocessing = 0;
		};
/* End PBXSourcesBuildPhase section */

/* Begin XCBuildConfiguration section */
		2660D7D02B8E651700FF4716 /* Debug */ = {
			isa = XCBuildConfiguration;
			buildSettings = {
				ALWAYS_SEARCH_USER_PATHS = NO;
				ASSETCATALOG_COMPILER_GENERATE_SWIFT_ASSET_SYMBOL_EXTENSIONS = YES;
				CLANG_ANALYZER_NONNULL = YES;
				CLANG_ANALYZER_NUMBER_OBJECT_CONVERSION = YES_AGGRESSIVE;
				CLANG_CXX_LANGUAGE_STANDARD = "gnu++20";
				CLANG_ENABLE_MODULES = YES;
				CLANG_ENABLE_OBJC_ARC = YES;
				CLANG_ENABLE_OBJC_WEAK = YES;
				CLANG_WARN_BLOCK_CAPTURE_AUTORELEASING = YES;
				CLANG_WARN_BOOL_CONVERSION = YES;
				CLANG_WARN_COMMA = YES;
				CLANG_WARN_CONSTANT_CONVERSION = YES;
				CLANG_WARN_DEPRECATED_OBJC_IMPLEMENTATIONS = YES;
				CLANG_WARN_DIRECT_OBJC_ISA_USAGE = YES_ERROR;
				CLANG_WARN_DOCUMENTATION_COMMENTS = YES;
				CLANG_WARN_EMPTY_BODY = YES;
				CLANG_WARN_ENUM_CONVERSION = YES;
				CLANG_WARN_INFINITE_RECURSION = YES;
				CLANG_WARN_INT_CONVERSION = YES;
				CLANG_WARN_NON_LITERAL_NULL_CONVERSION = YES;
				CLANG_WARN_OBJC_IMPLICIT_RETAIN_SELF = YES;
				CLANG_WARN_OBJC_LITERAL_CONVERSION = YES;
				CLANG_WARN_OBJC_ROOT_CLASS = YES_ERROR;
				CLANG_WARN_QUOTED_INCLUDE_IN_FRAMEWORK_HEADER = YES;
				CLANG_WARN_RANGE_LOOP_ANALYSIS = YES;
				CLANG_WARN_STRICT_PROTOTYPES = YES;
				CLANG_WARN_SUSPICIOUS_MOVE = YES;
				CLANG_WARN_UNGUARDED_AVAILABILITY = YES_AGGRESSIVE;
				CLANG_WARN_UNREACHABLE_CODE = YES;
				CLANG_WARN__DUPLICATE_METHOD_MATCH = YES;
				COPY_PHASE_STRIP = NO;
				DEBUG_INFORMATION_FORMAT = dwarf;
				ENABLE_STRICT_OBJC_MSGSEND = YES;
				ENABLE_TESTABILITY = YES;
				ENABLE_USER_SCRIPT_SANDBOXING = YES;
				GCC_C_LANGUAGE_STANDARD = gnu17;
				GCC_DYNAMIC_NO_PIC = NO;
				GCC_NO_COMMON_BLOCKS = YES;
				GCC_OPTIMIZATION_LEVEL = 0;
				GCC_PREPROCESSOR_DEFINITIONS = (
					"DEBUG=1",
					"$(inherited)",
				);
				GCC_WARN_64_TO_32_BIT_CONVERSION = YES;
				GCC_WARN_ABOUT_RETURN_TYPE = YES_ERROR;
				GCC_WARN_UNDECLARED_SELECTOR = YES;
				GCC_WARN_UNINITIALIZED_AUTOS = YES_AGGRESSIVE;
				GCC_WARN_UNUSED_FUNCTION = YES;
				GCC_WARN_UNUSED_VARIABLE = YES;
				IPHONEOS_DEPLOYMENT_TARGET = 17.2;
				LOCALIZATION_PREFERS_STRING_CATALOGS = YES;
				MTL_ENABLE_DEBUG_INFO = INCLUDE_SOURCE;
				MTL_FAST_MATH = YES;
				ONLY_ACTIVE_ARCH = YES;
				OTHER_LDFLAGS = "";
				SDKROOT = iphoneos;
				SWIFT_ACTIVE_COMPILATION_CONDITIONS = "DEBUG $(inherited)";
				SWIFT_OPTIMIZATION_LEVEL = "-Onone";
			};
			name = Debug;
		};
		2660D7D12B8E651700FF4716 /* Release */ = {
			isa = XCBuildConfiguration;
			buildSettings = {
				ALWAYS_SEARCH_USER_PATHS = NO;
				ASSETCATALOG_COMPILER_GENERATE_SWIFT_ASSET_SYMBOL_EXTENSIONS = YES;
				CLANG_ANALYZER_NONNULL = YES;
				CLANG_ANALYZER_NUMBER_OBJECT_CONVERSION = YES_AGGRESSIVE;
				CLANG_CXX_LANGUAGE_STANDARD = "gnu++20";
				CLANG_ENABLE_MODULES = YES;
				CLANG_ENABLE_OBJC_ARC = YES;
				CLANG_ENABLE_OBJC_WEAK = YES;
				CLANG_WARN_BLOCK_CAPTURE_AUTORELEASING = YES;
				CLANG_WARN_BOOL_CONVERSION = YES;
				CLANG_WARN_COMMA = YES;
				CLANG_WARN_CONSTANT_CONVERSION = YES;
				CLANG_WARN_DEPRECATED_OBJC_IMPLEMENTATIONS = YES;
				CLANG_WARN_DIRECT_OBJC_ISA_USAGE = YES_ERROR;
				CLANG_WARN_DOCUMENTATION_COMMENTS = YES;
				CLANG_WARN_EMPTY_BODY = YES;
				CLANG_WARN_ENUM_CONVERSION = YES;
				CLANG_WARN_INFINITE_RECURSION = YES;
				CLANG_WARN_INT_CONVERSION = YES;
				CLANG_WARN_NON_LITERAL_NULL_CONVERSION = YES;
				CLANG_WARN_OBJC_IMPLICIT_RETAIN_SELF = YES;
				CLANG_WARN_OBJC_LITERAL_CONVERSION = YES;
				CLANG_WARN_OBJC_ROOT_CLASS = YES_ERROR;
				CLANG_WARN_QUOTED_INCLUDE_IN_FRAMEWORK_HEADER = YES;
				CLANG_WARN_RANGE_LOOP_ANALYSIS = YES;
				CLANG_WARN_STRICT_PROTOTYPES = YES;
				CLANG_WARN_SUSPICIOUS_MOVE = YES;
				CLANG_WARN_UNGUARDED_AVAILABILITY = YES_AGGRESSIVE;
				CLANG_WARN_UNREACHABLE_CODE = YES;
				CLANG_WARN__DUPLICATE_METHOD_MATCH = YES;
				COPY_PHASE_STRIP = NO;
				DEBUG_INFORMATION_FORMAT = "dwarf-with-dsym";
				ENABLE_NS_ASSERTIONS = NO;
				ENABLE_STRICT_OBJC_MSGSEND = YES;
				ENABLE_USER_SCRIPT_SANDBOXING = YES;
				GCC_C_LANGUAGE_STANDARD = gnu17;
				GCC_NO_COMMON_BLOCKS = YES;
				GCC_WARN_64_TO_32_BIT_CONVERSION = YES;
				GCC_WARN_ABOUT_RETURN_TYPE = YES_ERROR;
				GCC_WARN_UNDECLARED_SELECTOR = YES;
				GCC_WARN_UNINITIALIZED_AUTOS = YES_AGGRESSIVE;
				GCC_WARN_UNUSED_FUNCTION = YES;
				GCC_WARN_UNUSED_VARIABLE = YES;
				IPHONEOS_DEPLOYMENT_TARGET = 17.2;
				LOCALIZATION_PREFERS_STRING_CATALOGS = YES;
				MTL_ENABLE_DEBUG_INFO = NO;
				MTL_FAST_MATH = YES;
				OTHER_LDFLAGS = "";
				SDKROOT = iphoneos;
				SWIFT_COMPILATION_MODE = wholemodule;
				VALIDATE_PRODUCT = YES;
			};
			name = Release;
		};
		2660D7D32B8E651700FF4716 /* Debug */ = {
			isa = XCBuildConfiguration;
			baseConfigurationReference = A79E30971ABF1335812BC1B6 /* Pods-Notextract.debug.xcconfig */;
			buildSettings = {
				ASSETCATALOG_COMPILER_APPICON_NAME = AppIcon;
				ASSETCATALOG_COMPILER_GLOBAL_ACCENT_COLOR_NAME = AccentColor;
				CODE_SIGN_STYLE = Automatic;
				CURRENT_PROJECT_VERSION = 1;
				DEVELOPMENT_ASSET_PATHS = "\"Notextract/Preview Content\"";
				DEVELOPMENT_TEAM = 48N9AZXZUT;
				ENABLE_PREVIEWS = YES;
				ENABLE_USER_SCRIPT_SANDBOXING = NO;
				GENERATE_INFOPLIST_FILE = YES;
				INFOPLIST_KEY_NSCameraUsageDescription = "";
				INFOPLIST_KEY_UIApplicationSceneManifest_Generation = YES;
				INFOPLIST_KEY_UIApplicationSupportsIndirectInputEvents = YES;
				INFOPLIST_KEY_UILaunchScreen_Generation = YES;
				INFOPLIST_KEY_UISupportedInterfaceOrientations_iPad = "UIInterfaceOrientationPortrait UIInterfaceOrientationPortraitUpsideDown UIInterfaceOrientationLandscapeLeft UIInterfaceOrientationLandscapeRight";
				INFOPLIST_KEY_UISupportedInterfaceOrientations_iPhone = "UIInterfaceOrientationPortrait UIInterfaceOrientationLandscapeLeft UIInterfaceOrientationLandscapeRight";
				IPHONEOS_DEPLOYMENT_TARGET = 15.0;
				LD_RUNPATH_SEARCH_PATHS = (
					"$(inherited)",
					"@executable_path/Frameworks",
				);
				MARKETING_VERSION = 1.0;
				PRODUCT_BUNDLE_IDENTIFIER = com.iosprojects.Notextract;
				PRODUCT_NAME = "$(TARGET_NAME)";
				SWIFT_EMIT_LOC_STRINGS = YES;
				SWIFT_VERSION = 5.0;
				TARGETED_DEVICE_FAMILY = "1,2";
			};
			name = Debug;
		};
		2660D7D42B8E651700FF4716 /* Release */ = {
			isa = XCBuildConfiguration;
			baseConfigurationReference = D4859E6CF03B199C0DC05B03 /* Pods-Notextract.release.xcconfig */;
			buildSettings = {
				ASSETCATALOG_COMPILER_APPICON_NAME = AppIcon;
				ASSETCATALOG_COMPILER_GLOBAL_ACCENT_COLOR_NAME = AccentColor;
				CODE_SIGN_STYLE = Automatic;
				CURRENT_PROJECT_VERSION = 1;
				DEVELOPMENT_ASSET_PATHS = "\"Notextract/Preview Content\"";
				DEVELOPMENT_TEAM = 48N9AZXZUT;
				ENABLE_PREVIEWS = YES;
				ENABLE_USER_SCRIPT_SANDBOXING = NO;
				GENERATE_INFOPLIST_FILE = YES;
				INFOPLIST_KEY_NSCameraUsageDescription = "";
				INFOPLIST_KEY_UIApplicationSceneManifest_Generation = YES;
				INFOPLIST_KEY_UIApplicationSupportsIndirectInputEvents = YES;
				INFOPLIST_KEY_UILaunchScreen_Generation = YES;
				INFOPLIST_KEY_UISupportedInterfaceOrientations_iPad = "UIInterfaceOrientationPortrait UIInterfaceOrientationPortraitUpsideDown UIInterfaceOrientationLandscapeLeft UIInterfaceOrientationLandscapeRight";
				INFOPLIST_KEY_UISupportedInterfaceOrientations_iPhone = "UIInterfaceOrientationPortrait UIInterfaceOrientationLandscapeLeft UIInterfaceOrientationLandscapeRight";
				IPHONEOS_DEPLOYMENT_TARGET = 15.0;
				LD_RUNPATH_SEARCH_PATHS = (
					"$(inherited)",
					"@executable_path/Frameworks",
				);
				MARKETING_VERSION = 1.0;
				PRODUCT_BUNDLE_IDENTIFIER = com.iosprojects.Notextract;
				PRODUCT_NAME = "$(TARGET_NAME)";
				SWIFT_EMIT_LOC_STRINGS = YES;
				SWIFT_VERSION = 5.0;
				TARGETED_DEVICE_FAMILY = "1,2";
			};
			name = Release;
		};
/* End XCBuildConfiguration section */

/* Begin XCConfigurationList section */
		2660D7BF2B8E651400FF4716 /* Build configuration list for PBXProject "Notextract" */ = {
			isa = XCConfigurationList;
			buildConfigurations = (
				2660D7D02B8E651700FF4716 /* Debug */,
				2660D7D12B8E651700FF4716 /* Release */,
			);
			defaultConfigurationIsVisible = 0;
			defaultConfigurationName = Release;
		};
		2660D7D22B8E651700FF4716 /* Build configuration list for PBXNativeTarget "Notextract" */ = {
			isa = XCConfigurationList;
			buildConfigurations = (
				2660D7D32B8E651700FF4716 /* Debug */,
				2660D7D42B8E651700FF4716 /* Release */,
			);
			defaultConfigurationIsVisible = 0;
			defaultConfigurationName = Release;
		};
/* End XCConfigurationList section */
	};
	rootObject = 2660D7BC2B8E651400FF4716 /* Project object */;
}
